// !$*UTF8*$!
{
	archiveVersion = 1;
	classes = {
	};
	objectVersion = 77;
	objects = {

/* Begin PBXBuildFile section */
		0553227A1C7FE933641758A2 /* SmashKit in Frameworks */ = {isa = PBXBuildFile; productRef = 4CAA12817896B9A0E827AACC /* SmashKit */; };
		75996482C24816ED2B03C3CA /* ArtifactDetail.swift in Sources */ = {isa = PBXBuildFile; fileRef = CE2EDCDEFB2A73EF3381A396 /* ArtifactDetail.swift */; };
		8227528568A8E247E6058851 /* SmashiOSApp.swift in Sources */ = {isa = PBXBuildFile; fileRef = FFD3864957C90B01F1BE1441 /* SmashiOSApp.swift */; };
/* End PBXBuildFile section */

/* Begin PBXFileReference section */
		9CC2030E4471DD0FC30F0D9E /* SmashKit */ = {isa = PBXFileReference; lastKnownFileType = folder; name = SmashKit; path = ../SmashKit; sourceTree = SOURCE_ROOT; };
		CE2EDCDEFB2A73EF3381A396 /* ArtifactDetail.swift */ = {isa = PBXFileReference; lastKnownFileType = sourcecode.swift; path = ArtifactDetail.swift; sourceTree = "<group>"; };
		E411128BDC7423D618B03735 /* SmashiOS.app */ = {isa = PBXFileReference; includeInIndex = 0; lastKnownFileType = wrapper.application; path = SmashiOS.app; sourceTree = BUILT_PRODUCTS_DIR; };
		FFD3864957C90B01F1BE1441 /* SmashiOSApp.swift */ = {isa = PBXFileReference; lastKnownFileType = sourcecode.swift; path = SmashiOSApp.swift; sourceTree = "<group>"; };
/* End PBXFileReference section */

/* Begin PBXFrameworksBuildPhase section */
		05E1983A279545392D025FCF /* Frameworks */ = {
			isa = PBXFrameworksBuildPhase;
			buildActionMask = 2147483647;
			files = (
				0553227A1C7FE933641758A2 /* SmashKit in Frameworks */,
			);
			runOnlyForDeploymentPostprocessing = 0;
		};
/* End PBXFrameworksBuildPhase section */

/* Begin PBXGroup section */
		423FD8465BD4B07F9BBA4534 /* Sources */ = {
			isa = PBXGroup;
			children = (
				CE2EDCDEFB2A73EF3381A396 /* ArtifactDetail.swift */,
				FFD3864957C90B01F1BE1441 /* SmashiOSApp.swift */,
			);
			path = Sources;
			sourceTree = "<group>";
		};
		514EB15EEBED5D55ADB2ABAB /* Products */ = {
			isa = PBXGroup;
			children = (
				E411128BDC7423D618B03735 /* SmashiOS.app */,
			);
			name = Products;
			sourceTree = "<group>";
		};
		98C9418A0D0F2C1B93FBAAA7 = {
			isa = PBXGroup;
			children = (
				D6E3FB660EEEEA77B33468C2 /* Packages */,
				423FD8465BD4B07F9BBA4534 /* Sources */,
				514EB15EEBED5D55ADB2ABAB /* Products */,
			);
			sourceTree = "<group>";
		};
		D6E3FB660EEEEA77B33468C2 /* Packages */ = {
			isa = PBXGroup;
			children = (
				9CC2030E4471DD0FC30F0D9E /* SmashKit */,
			);
			name = Packages;
			sourceTree = "<group>";
		};
/* End PBXGroup section */

/* Begin PBXNativeTarget section */
		4573AFBE1833848DB19C47F6 /* SmashiOS */ = {
			isa = PBXNativeTarget;
			buildConfigurationList = 4F9D0BAF3A2F5F17E189AC30 /* Build configuration list for PBXNativeTarget "SmashiOS" */;
			buildPhases = (
				2E1B4A9C18BA6DFE55274723 /* Sources */,
				05E1983A279545392D025FCF /* Frameworks */,
			);
			buildRules = (
			);
			dependencies = (
			);
			name = SmashiOS;
			packageProductDependencies = (
				4CAA12817896B9A0E827AACC /* SmashKit */,
			);
			productName = SmashiOS;
			productReference = E411128BDC7423D618B03735 /* SmashiOS.app */;
			productType = "com.apple.product-type.application";
		};
/* End PBXNativeTarget section */

/* Begin PBXProject section */
		2A0763DA1F10D30A66B135F8 /* Project object */ = {
			isa = PBXProject;
			attributes = {
				BuildIndependentTargetsInParallel = YES;
				LastUpgradeCheck = 1430;
				TargetAttributes = {
				};
			};
			buildConfigurationList = 0DBE4D8E393E7E0BADA91A7D /* Build configuration list for PBXProject "SmashiOS" */;
			developmentRegion = en;
			hasScannedForEncodings = 0;
			knownRegions = (
				Base,
				en,
			);
			mainGroup = 98C9418A0D0F2C1B93FBAAA7;
			minimizedProjectReferenceProxies = 1;
			packageReferences = (
				1B242E1CCD43F6D52150A378 /* XCLocalSwiftPackageReference "../SmashKit" */,
			);
			preferredProjectObjectVersion = 77;
			productRefGroup = 514EB15EEBED5D55ADB2ABAB /* Products */;
			projectDirPath = "";
			projectRoot = "";
			targets = (
				4573AFBE1833848DB19C47F6 /* SmashiOS */,
			);
		};
/* End PBXProject section */

/* Begin PBXSourcesBuildPhase section */
		2E1B4A9C18BA6DFE55274723 /* Sources */ = {
			isa = PBXSourcesBuildPhase;
			buildActionMask = 2147483647;
			files = (
				75996482C24816ED2B03C3CA /* ArtifactDetail.swift in Sources */,
				8227528568A8E247E6058851 /* SmashiOSApp.swift in Sources */,
			);
			runOnlyForDeploymentPostprocessing = 0;
		};
/* End PBXSourcesBuildPhase section */

/* Begin XCBuildConfiguration section */
		1A11FC6330CEE7C3EF9D37C2 /* Debug */ = {
			isa = XCBuildConfiguration;
			buildSettings = {
				ASSETCATALOG_COMPILER_APPICON_NAME = AppIcon;
				CODE_SIGNING_ALLOWED = NO;
				CODE_SIGN_IDENTITY = "iPhone Developer";
				CURRENT_PROJECT_VERSION = 1;
				GENERATE_INFOPLIST_FILE = YES;
				INFOPLIST_KEY_CFBundleDisplayName = Smash;
				INFOPLIST_KEY_UIApplicationSupportsIndirectInputEvents = YES;
				INFOPLIST_KEY_UILaunchScreen_Generation = YES;
				LD_RUNPATH_SEARCH_PATHS = (
					"$(inherited)",
					"@executable_path/Frameworks",
				);
				MARKETING_VERSION = 6.0;
				PRODUCT_BUNDLE_IDENTIFIER = com.pbnkp.smash.ios;
				SDKROOT = iphoneos;
				SWIFT_VERSION = 6.0;
				TARGETED_DEVICE_FAMILY = "1,2";
			};
			name = Debug;
		};
		3AB7379EB6AA80CCAB39E2BA /* Release */ = {
			isa = XCBuildConfiguration;
			buildSettings = {
				ALWAYS_SEARCH_USER_PATHS = NO;
				CLANG_ANALYZER_NONNULL = YES;
				CLANG_ANALYZER_NUMBER_OBJECT_CONVERSION = YES_AGGRESSIVE;
				CLANG_CXX_LANGUAGE_STANDARD = "gnu++14";
				CLANG_CXX_LIBRARY = "libc++";
				CLANG_ENABLE_MODULES = YES;
				CLANG_ENABLE_OBJC_ARC = YES;
				CLANG_ENABLE_OBJC_WEAK = YES;
				CLANG_WARN_BLOCK_CAPTURE_AUTORELEASING = YES;
				CLANG_WARN_BOOL_CONVERSION = YES;
				CLANG_WARN_COMMA = YES;
				CLANG_WARN_CONSTANT_CONVERSION = YES;
				CLANG_WARN_DEPRECATED_OBJC_IMPLEMENTATIONS = YES;
				CLANG_WARN_DIRECT_OBJC_ISA_USAGE = YES_ERROR;
				CLANG_WARN_DOCUMENTATION_COMMENTS = YES;
				CLANG_WARN_EMPTY_BODY = YES;
				CLANG_WARN_ENUM_CONVERSION = YES;
				CLANG_WARN_INFINITE_RECURSION = YES;
				CLANG_WARN_INT_CONVERSION = YES;
				CLANG_WARN_NON_LITERAL_NULL_CONVERSION = YES;
				CLANG_WARN_OBJC_IMPLICIT_RETAIN_SELF = YES;
				CLANG_WARN_OBJC_LITERAL_CONVERSION = YES;
				CLANG_WARN_OBJC_ROOT_CLASS = YES_ERROR;
				CLANG_WARN_QUOTED_INCLUDE_IN_FRAMEWORK_HEADER = YES;
				CLANG_WARN_RANGE_LOOP_ANALYSIS = YES;
				CLANG_WARN_STRICT_PROTOTYPES = YES;
				CLANG_WARN_SUSPICIOUS_MOVE = YES;
				CLANG_WARN_UNGUARDED_AVAILABILITY = YES_AGGRESSIVE;
				CLANG_WARN_UNREACHABLE_CODE = YES;
				CLANG_WARN__DUPLICATE_METHOD_MATCH = YES;
				COPY_PHASE_STRIP = NO;
				DEBUG_INFORMATION_FORMAT = "dwarf-with-dsym";
				ENABLE_NS_ASSERTIONS = NO;
				ENABLE_STRICT_OBJC_MSGSEND = YES;
				GCC_C_LANGUAGE_STANDARD = gnu11;
				GCC_NO_COMMON_BLOCKS = YES;
				GCC_WARN_64_TO_32_BIT_CONVERSION = YES;
				GCC_WARN_ABOUT_RETURN_TYPE = YES_ERROR;
				GCC_WARN_UNDECLARED_SELECTOR = YES;
				GCC_WARN_UNINITIALIZED_AUTOS = YES_AGGRESSIVE;
				GCC_WARN_UNUSED_FUNCTION = YES;
				GCC_WARN_UNUSED_VARIABLE = YES;
				IPHONEOS_DEPLOYMENT_TARGET = 17.0;
				MTL_ENABLE_DEBUG_INFO = NO;
				MTL_FAST_MATH = YES;
				PRODUCT_NAME = "$(TARGET_NAME)";
				SDKROOT = iphoneos;
				SWIFT_COMPILATION_MODE = wholemodule;
				SWIFT_OPTIMIZATION_LEVEL = "-O";
				SWIFT_VERSION = 5.0;
			};
			name = Release;
		};
		C56E8BBE3AD4E2D7E4AF586C /* Release */ = {
			isa = XCBuildConfiguration;
			buildSettings = {
				ASSETCATALOG_COMPILER_APPICON_NAME = AppIcon;
				CODE_SIGNING_ALLOWED = NO;
				CODE_SIGN_IDENTITY = "iPhone Developer";
				CURRENT_PROJECT_VERSION = 1;
				GENERATE_INFOPLIST_FILE = YES;
				INFOPLIST_KEY_CFBundleDisplayName = Smash;
				INFOPLIST_KEY_UIApplicationSupportsIndirectInputEvents = YES;
				INFOPLIST_KEY_UILaunchScreen_Generation = YES;
				LD_RUNPATH_SEARCH_PATHS = (
					"$(inherited)",
					"@executable_path/Frameworks",
				);
				MARKETING_VERSION = 6.0;
				PRODUCT_BUNDLE_IDENTIFIER = com.pbnkp.smash.ios;
				SDKROOT = iphoneos;
				SWIFT_VERSION = 6.0;
				TARGETED_DEVICE_FAMILY = "1,2";
			};
			name = Release;
		};
		DA957FC52299488940F74C8F /* Debug */ = {
			isa = XCBuildConfiguration;
			buildSettings = {
				ALWAYS_SEARCH_USER_PATHS = NO;
				CLANG_ANALYZER_NONNULL = YES;
				CLANG_ANALYZER_NUMBER_OBJECT_CONVERSION = YES_AGGRESSIVE;
				CLANG_CXX_LANGUAGE_STANDARD = "gnu++14";
				CLANG_CXX_LIBRARY = "libc++";
				CLANG_ENABLE_MODULES = YES;
				CLANG_ENABLE_OBJC_ARC = YES;
				CLANG_ENABLE_OBJC_WEAK = YES;
				CLANG_WARN_BLOCK_CAPTURE_AUTORELEASING = YES;
				CLANG_WARN_BOOL_CONVERSION = YES;
				CLANG_WARN_COMMA = YES;
				CLANG_WARN_CONSTANT_CONVERSION = YES;
				CLANG_WARN_DEPRECATED_OBJC_IMPLEMENTATIONS = YES;
				CLANG_WARN_DIRECT_OBJC_ISA_USAGE = YES_ERROR;
				CLANG_WARN_DOCUMENTATION_COMMENTS = YES;
				CLANG_WARN_EMPTY_BODY = YES;
				CLANG_WARN_ENUM_CONVERSION = YES;
				CLANG_WARN_INFINITE_RECURSION = YES;
				CLANG_WARN_INT_CONVERSION = YES;
				CLANG_WARN_NON_LITERAL_NULL_CONVERSION = YES;
				CLANG_WARN_OBJC_IMPLICIT_RETAIN_SELF = YES;
				CLANG_WARN_OBJC_LITERAL_CONVERSION = YES;
				CLANG_WARN_OBJC_ROOT_CLASS = YES_ERROR;
				CLANG_WARN_QUOTED_INCLUDE_IN_FRAMEWORK_HEADER = YES;
				CLANG_WARN_RANGE_LOOP_ANALYSIS = YES;
				CLANG_WARN_STRICT_PROTOTYPES = YES;
				CLANG_WARN_SUSPICIOUS_MOVE = YES;
				CLANG_WARN_UNGUARDED_AVAILABILITY = YES_AGGRESSIVE;
				CLANG_WARN_UNREACHABLE_CODE = YES;
				CLANG_WARN__DUPLICATE_METHOD_MATCH = YES;
				COPY_PHASE_STRIP = NO;
				DEBUG_INFORMATION_FORMAT = dwarf;
				ENABLE_STRICT_OBJC_MSGSEND = YES;
				ENABLE_TESTABILITY = YES;
				GCC_C_LANGUAGE_STANDARD = gnu11;
				GCC_DYNAMIC_NO_PIC = NO;
				GCC_NO_COMMON_BLOCKS = YES;
				GCC_OPTIMIZATION_LEVEL = 0;
				GCC_PREPROCESSOR_DEFINITIONS = (
					"$(inherited)",
					"DEBUG=1",
				);
				GCC_WARN_64_TO_32_BIT_CONVERSION = YES;
				GCC_WARN_ABOUT_RETURN_TYPE = YES_ERROR;
				GCC_WARN_UNDECLARED_SELECTOR = YES;
				GCC_WARN_UNINITIALIZED_AUTOS = YES_AGGRESSIVE;
				GCC_WARN_UNUSED_FUNCTION = YES;
				GCC_WARN_UNUSED_VARIABLE = YES;
				IPHONEOS_DEPLOYMENT_TARGET = 17.0;
				MTL_ENABLE_DEBUG_INFO = INCLUDE_SOURCE;
				MTL_FAST_MATH = YES;
				ONLY_ACTIVE_ARCH = YES;
				PRODUCT_NAME = "$(TARGET_NAME)";
				SDKROOT = iphoneos;
				SWIFT_ACTIVE_COMPILATION_CONDITIONS = DEBUG;
				SWIFT_OPTIMIZATION_LEVEL = "-Onone";
				SWIFT_VERSION = 5.0;
			};
			name = Debug;
		};
/* End XCBuildConfiguration section */

/* Begin XCConfigurationList section */
		0DBE4D8E393E7E0BADA91A7D /* Build configuration list for PBXProject "SmashiOS" */ = {
			isa = XCConfigurationList;
			buildConfigurations = (
				DA957FC52299488940F74C8F /* Debug */,
				3AB7379EB6AA80CCAB39E2BA /* Release */,
			);
			defaultConfigurationIsVisible = 0;
			defaultConfigurationName = Debug;
		};
		4F9D0BAF3A2F5F17E189AC30 /* Build configuration list for PBXNativeTarget "SmashiOS" */ = {
			isa = XCConfigurationList;
			buildConfigurations = (
				1A11FC6330CEE7C3EF9D37C2 /* Debug */,
				C56E8BBE3AD4E2D7E4AF586C /* Release */,
			);
			defaultConfigurationIsVisible = 0;
			defaultConfigurationName = Debug;
		};
/* End XCConfigurationList section */

/* Begin XCLocalSwiftPackageReference section */
		1B242E1CCD43F6D52150A378 /* XCLocalSwiftPackageReference "../SmashKit" */ = {
			isa = XCLocalSwiftPackageReference;
			relativePath = ../SmashKit;
		};
/* End XCLocalSwiftPackageReference section */

/* Begin XCSwiftPackageProductDependency section */
		4CAA12817896B9A0E827AACC /* SmashKit */ = {
			isa = XCSwiftPackageProductDependency;
			productName = SmashKit;
		};
/* End XCSwiftPackageProductDependency section */
	};
	rootObject = 2A0763DA1F10D30A66B135F8 /* Project object */;
}
